
Microsoft Visual Studio Solution File, Format Version 12.00
# Visual Studio Version 16
VisualStudioVersion = 16.0.30523.141
MinimumVisualStudioVersion = 10.0.40219.1
Project("{FAE04EC0-301F-11D3-BF4B-00C04F79EFBC}") = "CodingEvents", "CodingEvents.csproj", "{BD40EBDC-3040-4EBB-87F9-C41400E550EE}"
EndProject
Global
	GlobalSection(SolutionConfigurationPlatforms) = preSolution
		Debug|Any CPU = Debug|Any CPU
		Release|Any CPU = Release|Any CPU
	EndGlobalSection
	GlobalSection(ProjectConfigurationPlatforms) = postSolution
		{BD40EBDC-3040-4EBB-87F9-C41400E550EE}.Debug|Any CPU.ActiveCfg = Debug|Any CPU
		{BD40EBDC-3040-4EBB-87F9-C41400E550EE}.Debug|Any CPU.Build.0 = Debug|Any CPU
		{BD40EBDC-3040-4EBB-87F9-C41400E550EE}.Release|Any CPU.ActiveCfg = Release|Any CPU
		{BD40EBDC-3040-4EBB-87F9-C41400E550EE}.Release|Any CPU.Build.0 = Release|Any CPU
	EndGlobalSection
	GlobalSection(SolutionProperties) = preSolution
		HideSolutionNode = FALSE
	EndGlobalSection
	GlobalSection(ExtensibilityGlobals) = postSolution
		SolutionGuid = {2E7A052C-F059-41D3-A4C9-5E2ADB073771}
	EndGlobalSection
EndGlobal
